{
  "name": "notifications",
  "version": "1.0.0",
  "lockfileVersion": 2,
  "requires": true,
  "packages": {
    "": {
      "name": "notifications",
      "version": "1.0.0",
      "dependencies": {
        "@aws-cdk/aws-lambda": "^1.156.1",
        "@middy/core": "^3.0.3",
        "@middy/error-logger": "^3.0.3",
        "class-transformer": "^0.5.1",
        "class-validator": "^0.13.2",
        "reflect-metadata": "^0.1.13",
        "uuid": "^8.3.2"
      },
      "devDependencies": {
        "@types/aws-lambda": "^8.10.97",
        "@types/uuid": "^8.3.4"
      }
    },
    "node_modules/@aws-cdk/assets": {
      "version": "1.156.1",
      "resolved": "https://registry.npmjs.org/@aws-cdk/assets/-/assets-1.156.1.tgz",
      "integrity": "sha512-n/p+wm04acdrXJoX+/NkQR4GwMN1731Jsw1i80xrzpf1HTd7IyinAfxluN61ONxoYaNYDXXgjENNHqlPYRPz+Q==",
      "dependencies": {
        "@aws-cdk/core": "1.156.1",
        "@aws-cdk/cx-api": "1.156.1",
        "constructs": "^3.3.69"
      },
      "engines": {
        "node": ">= 10.13.0 <13 || >=13.7.0"
      },
      "peerDependencies": {
        "@aws-cdk/core": "1.156.1",
        "@aws-cdk/cx-api": "1.156.1",
        "constructs": "^3.3.69"
      }
    },
    "node_modules/@aws-cdk/aws-applicationautoscaling": {
      "version": "1.156.1",
      "resolved": "https://registry.npmjs.org/@aws-cdk/aws-applicationautoscaling/-/aws-applicationautoscaling-1.156.1.tgz",
      "integrity": "sha512-G6ZH6D8G8/HQ2oKOIpCrq9QSJm+RnXtlxGsebrZizfpZy+5dD2pkUcLFa8YzKVQ/F320vDos4oPvxBbD5s5M+Q==",
      "dependencies": {
        "@aws-cdk/aws-autoscaling-common": "1.156.1",
        "@aws-cdk/aws-cloudwatch": "1.156.1",
        "@aws-cdk/aws-iam": "1.156.1",
        "@aws-cdk/core": "1.156.1",
        "constructs": "^3.3.69"
      },
      "engines": {
        "node": ">= 10.13.0 <13 || >=13.7.0"
      },
      "peerDependencies": {
        "@aws-cdk/aws-autoscaling-common": "1.156.1",
        "@aws-cdk/aws-cloudwatch": "1.156.1",
        "@aws-cdk/aws-iam": "1.156.1",
        "@aws-cdk/core": "1.156.1",
        "constructs": "^3.3.69"
      }
    },
    "node_modules/@aws-cdk/aws-autoscaling-common": {
      "version": "1.156.1",
      "resolved": "https://registry.npmjs.org/@aws-cdk/aws-autoscaling-common/-/aws-autoscaling-common-1.156.1.tgz",
      "integrity": "sha512-KrgJhSxhcOOlNrF7UDwytiW4RUTIj0F6INsSJrBWANakV28yox6HF2nFnV/1Ubk/FHWuMFyLH3JmOB9mScHKcQ==",
      "dependencies": {
        "@aws-cdk/aws-iam": "1.156.1",
        "@aws-cdk/core": "1.156.1",
        "constructs": "^3.3.69"
      },
      "engines": {
        "node": ">= 10.13.0 <13 || >=13.7.0"
      },
      "peerDependencies": {
        "@aws-cdk/aws-iam": "1.156.1",
        "@aws-cdk/core": "1.156.1",
        "constructs": "^3.3.69"
      }
    },
    "node_modules/@aws-cdk/aws-cloudwatch": {
      "version": "1.156.1",
      "resolved": "https://registry.npmjs.org/@aws-cdk/aws-cloudwatch/-/aws-cloudwatch-1.156.1.tgz",
      "integrity": "sha512-mc+kg13AMQS26SVz3ony8enhp9KIKeXolDbh1Gkv8nd0gWRkWk+9xbiWAYT0rJEKb3ZAUTVGZwOM7DVC8YUUcw==",
      "dependencies": {
        "@aws-cdk/aws-iam": "1.156.1",
        "@aws-cdk/core": "1.156.1",
        "constructs": "^3.3.69"
      },
      "engines": {
        "node": ">= 10.13.0 <13 || >=13.7.0"
      },
      "peerDependencies": {
        "@aws-cdk/aws-iam": "1.156.1",
        "@aws-cdk/core": "1.156.1",
        "constructs": "^3.3.69"
      }
    },
    "node_modules/@aws-cdk/aws-codeguruprofiler": {
      "version": "1.156.1",
      "resolved": "https://registry.npmjs.org/@aws-cdk/aws-codeguruprofiler/-/aws-codeguruprofiler-1.156.1.tgz",
      "integrity": "sha512-3qHaa1EHJr1BASs/Cc/iJnshPN0xb4BnWatSOqK0chHA2F1/6aOnxmnz7sGXZGdrHTmQIBYsGOp36kitzfwDdw==",
      "dependencies": {
        "@aws-cdk/aws-iam": "1.156.1",
        "@aws-cdk/core": "1.156.1",
        "constructs": "^3.3.69"
      },
      "engines": {
        "node": ">= 10.13.0 <13 || >=13.7.0"
      },
      "peerDependencies": {
        "@aws-cdk/aws-iam": "1.156.1",
        "@aws-cdk/core": "1.156.1",
        "constructs": "^3.3.69"
      }
    },
    "node_modules/@aws-cdk/aws-codestarnotifications": {
      "version": "1.156.1",
      "resolved": "https://registry.npmjs.org/@aws-cdk/aws-codestarnotifications/-/aws-codestarnotifications-1.156.1.tgz",
      "integrity": "sha512-YEMFpQhVrC45qD0aCy8Uf6kPYxF5grEn8PE9+kj/4HCiDeAAJ7tZwsVP5QYUDsPVttax7xi15aFtnx41/POo7w==",
      "dependencies": {
        "@aws-cdk/core": "1.156.1",
        "constructs": "^3.3.69"
      },
      "engines": {
        "node": ">= 10.13.0 <13 || >=13.7.0"
      },
      "peerDependencies": {
        "@aws-cdk/core": "1.156.1",
        "constructs": "^3.3.69"
      }
    },
    "node_modules/@aws-cdk/aws-ec2": {
      "version": "1.156.1",
      "resolved": "https://registry.npmjs.org/@aws-cdk/aws-ec2/-/aws-ec2-1.156.1.tgz",
      "integrity": "sha512-Jsczd4Tj2kbfbENnKMTaLjIaC9ypCm/eq6IM2FAzavzR8whEcTKJ7XWrZpH8Ek9nyVlhM9qFhKWqqsEfGRvraQ==",
      "dependencies": {
        "@aws-cdk/aws-cloudwatch": "1.156.1",
        "@aws-cdk/aws-iam": "1.156.1",
        "@aws-cdk/aws-kms": "1.156.1",
        "@aws-cdk/aws-logs": "1.156.1",
        "@aws-cdk/aws-s3": "1.156.1",
        "@aws-cdk/aws-s3-assets": "1.156.1",
        "@aws-cdk/aws-ssm": "1.156.1",
        "@aws-cdk/cloud-assembly-schema": "1.156.1",
        "@aws-cdk/core": "1.156.1",
        "@aws-cdk/cx-api": "1.156.1",
        "@aws-cdk/region-info": "1.156.1",
        "constructs": "^3.3.69"
      },
      "engines": {
        "node": ">= 10.13.0 <13 || >=13.7.0"
      },
      "peerDependencies": {
        "@aws-cdk/aws-cloudwatch": "1.156.1",
        "@aws-cdk/aws-iam": "1.156.1",
        "@aws-cdk/aws-kms": "1.156.1",
        "@aws-cdk/aws-logs": "1.156.1",
        "@aws-cdk/aws-s3": "1.156.1",
        "@aws-cdk/aws-s3-assets": "1.156.1",
        "@aws-cdk/aws-ssm": "1.156.1",
        "@aws-cdk/cloud-assembly-schema": "1.156.1",
        "@aws-cdk/core": "1.156.1",
        "@aws-cdk/cx-api": "1.156.1",
        "@aws-cdk/region-info": "1.156.1",
        "constructs": "^3.3.69"
      }
    },
    "node_modules/@aws-cdk/aws-ecr": {
      "version": "1.156.1",
      "resolved": "https://registry.npmjs.org/@aws-cdk/aws-ecr/-/aws-ecr-1.156.1.tgz",
      "integrity": "sha512-b8hbhLLDTgWYIZvVglN9uX1zTc3SPmQpRG4TwLqv6KWy9HtxfBzhEfuQaMBicwEf4CEjzkGMmvopBUNb4Kh74w==",
      "dependencies": {
        "@aws-cdk/aws-events": "1.156.1",
        "@aws-cdk/aws-iam": "1.156.1",
        "@aws-cdk/aws-kms": "1.156.1",
        "@aws-cdk/core": "1.156.1",
        "constructs": "^3.3.69"
      },
      "engines": {
        "node": ">= 10.13.0 <13 || >=13.7.0"
      },
      "peerDependencies": {
        "@aws-cdk/aws-events": "1.156.1",
        "@aws-cdk/aws-iam": "1.156.1",
        "@aws-cdk/aws-kms": "1.156.1",
        "@aws-cdk/core": "1.156.1",
        "constructs": "^3.3.69"
      }
    },
    "node_modules/@aws-cdk/aws-ecr-assets": {
      "version": "1.156.1",
      "resolved": "https://registry.npmjs.org/@aws-cdk/aws-ecr-assets/-/aws-ecr-assets-1.156.1.tgz",
      "integrity": "sha512-y4Aq9xYFZLgDHWP9PIuPxbQjJMg8Das0vaIyOyXf+S3Pgc2BkprZJDz67iNlhwGTfUdZZlQymxnGjzOgGBds1g==",
      "dependencies": {
        "@aws-cdk/assets": "1.156.1",
        "@aws-cdk/aws-ecr": "1.156.1",
        "@aws-cdk/aws-iam": "1.156.1",
        "@aws-cdk/aws-s3": "1.156.1",
        "@aws-cdk/core": "1.156.1",
        "@aws-cdk/cx-api": "1.156.1",
        "constructs": "^3.3.69"
      },
      "engines": {
        "node": ">= 10.13.0 <13 || >=13.7.0"
      },
      "peerDependencies": {
        "@aws-cdk/assets": "1.156.1",
        "@aws-cdk/aws-ecr": "1.156.1",
        "@aws-cdk/aws-iam": "1.156.1",
        "@aws-cdk/aws-s3": "1.156.1",
        "@aws-cdk/core": "1.156.1",
        "@aws-cdk/cx-api": "1.156.1",
        "constructs": "^3.3.69"
      }
    },
    "node_modules/@aws-cdk/aws-efs": {
      "version": "1.156.1",
      "resolved": "https://registry.npmjs.org/@aws-cdk/aws-efs/-/aws-efs-1.156.1.tgz",
      "integrity": "sha512-R9O2e4ZcqIODdrEt73sGcHtEorizH3j8E9XwU0fC/iBWSeL0myUc/kT9DvzZV8pw/TZLY8RPBehpWxtqXXY6yA==",
      "dependencies": {
        "@aws-cdk/aws-ec2": "1.156.1",
        "@aws-cdk/aws-iam": "1.156.1",
        "@aws-cdk/aws-kms": "1.156.1",
        "@aws-cdk/cloud-assembly-schema": "1.156.1",
        "@aws-cdk/core": "1.156.1",
        "@aws-cdk/cx-api": "1.156.1",
        "constructs": "^3.3.69"
      },
      "engines": {
        "node": ">= 10.13.0 <13 || >=13.7.0"
      },
      "peerDependencies": {
        "@aws-cdk/aws-ec2": "1.156.1",
        "@aws-cdk/aws-iam": "1.156.1",
        "@aws-cdk/aws-kms": "1.156.1",
        "@aws-cdk/cloud-assembly-schema": "1.156.1",
        "@aws-cdk/core": "1.156.1",
        "@aws-cdk/cx-api": "1.156.1",
        "constructs": "^3.3.69"
      }
    },
    "node_modules/@aws-cdk/aws-events": {
      "version": "1.156.1",
      "resolved": "https://registry.npmjs.org/@aws-cdk/aws-events/-/aws-events-1.156.1.tgz",
      "integrity": "sha512-PJoyx0WzBaIZPQ0XyhqYyw4jPd2RFJTWJMQH+ZXG0btM75vtbfYUPFMriZVlyTzz3tCZHcX5ABKdvMqjquKB1g==",
      "dependencies": {
        "@aws-cdk/aws-iam": "1.156.1",
        "@aws-cdk/core": "1.156.1",
        "constructs": "^3.3.69"
      },
      "engines": {
        "node": ">= 10.13.0 <13 || >=13.7.0"
      },
      "peerDependencies": {
        "@aws-cdk/aws-iam": "1.156.1",
        "@aws-cdk/core": "1.156.1",
        "constructs": "^3.3.69"
      }
    },
    "node_modules/@aws-cdk/aws-iam": {
      "version": "1.156.1",
      "resolved": "https://registry.npmjs.org/@aws-cdk/aws-iam/-/aws-iam-1.156.1.tgz",
      "integrity": "sha512-vxGGnIklGjLA+Z5KNVTHY5awQvLTRpTVEvftFA6K3X5xdiE4Xrbp44LAe+2iUAZ3kftcCwz7Hd3Z4qQ6B5ILUw==",
      "dependencies": {
        "@aws-cdk/core": "1.156.1",
        "@aws-cdk/cx-api": "1.156.1",
        "@aws-cdk/region-info": "1.156.1",
        "constructs": "^3.3.69"
      },
      "engines": {
        "node": ">= 10.13.0 <13 || >=13.7.0"
      },
      "peerDependencies": {
        "@aws-cdk/core": "1.156.1",
        "@aws-cdk/region-info": "1.156.1",
        "constructs": "^3.3.69"
      }
    },
    "node_modules/@aws-cdk/aws-kms": {
      "version": "1.156.1",
      "resolved": "https://registry.npmjs.org/@aws-cdk/aws-kms/-/aws-kms-1.156.1.tgz",
      "integrity": "sha512-/0LNbGQtiie/1s0eE7TEY3zzVfYs1nMS5aEgNalR//q3m8Gne0iBmYnpOmah88m2er4ki0L8aIil8vUvmWrHyQ==",
      "dependencies": {
        "@aws-cdk/aws-iam": "1.156.1",
        "@aws-cdk/cloud-assembly-schema": "1.156.1",
        "@aws-cdk/core": "1.156.1",
        "@aws-cdk/cx-api": "1.156.1",
        "constructs": "^3.3.69"
      },
      "engines": {
        "node": ">= 10.13.0 <13 || >=13.7.0"
      },
      "peerDependencies": {
        "@aws-cdk/aws-iam": "1.156.1",
        "@aws-cdk/cloud-assembly-schema": "1.156.1",
        "@aws-cdk/core": "1.156.1",
        "@aws-cdk/cx-api": "1.156.1",
        "constructs": "^3.3.69"
      }
    },
    "node_modules/@aws-cdk/aws-lambda": {
      "version": "1.156.1",
      "resolved": "https://registry.npmjs.org/@aws-cdk/aws-lambda/-/aws-lambda-1.156.1.tgz",
      "integrity": "sha512-PhncX1+JMY7Y6hjATwxrYxlDM6TKnvpsDW3/PKoZlTnmPatm2WqBl2e0aG3ifrdOrHxX0CwUCw0YCiaoU6bxdQ==",
      "dependencies": {
        "@aws-cdk/aws-applicationautoscaling": "1.156.1",
        "@aws-cdk/aws-cloudwatch": "1.156.1",
        "@aws-cdk/aws-codeguruprofiler": "1.156.1",
        "@aws-cdk/aws-ec2": "1.156.1",
        "@aws-cdk/aws-ecr": "1.156.1",
        "@aws-cdk/aws-ecr-assets": "1.156.1",
        "@aws-cdk/aws-efs": "1.156.1",
        "@aws-cdk/aws-events": "1.156.1",
        "@aws-cdk/aws-iam": "1.156.1",
        "@aws-cdk/aws-kms": "1.156.1",
        "@aws-cdk/aws-logs": "1.156.1",
        "@aws-cdk/aws-s3": "1.156.1",
        "@aws-cdk/aws-s3-assets": "1.156.1",
        "@aws-cdk/aws-signer": "1.156.1",
        "@aws-cdk/aws-sns": "1.156.1",
        "@aws-cdk/aws-sqs": "1.156.1",
        "@aws-cdk/core": "1.156.1",
        "@aws-cdk/cx-api": "1.156.1",
        "@aws-cdk/region-info": "1.156.1",
        "constructs": "^3.3.69"
      },
      "engines": {
        "node": ">= 10.13.0 <13 || >=13.7.0"
      },
      "peerDependencies": {
        "@aws-cdk/aws-applicationautoscaling": "1.156.1",
        "@aws-cdk/aws-cloudwatch": "1.156.1",
        "@aws-cdk/aws-codeguruprofiler": "1.156.1",
        "@aws-cdk/aws-ec2": "1.156.1",
        "@aws-cdk/aws-ecr": "1.156.1",
        "@aws-cdk/aws-ecr-assets": "1.156.1",
        "@aws-cdk/aws-efs": "1.156.1",
        "@aws-cdk/aws-events": "1.156.1",
        "@aws-cdk/aws-iam": "1.156.1",
        "@aws-cdk/aws-kms": "1.156.1",
        "@aws-cdk/aws-logs": "1.156.1",
        "@aws-cdk/aws-s3": "1.156.1",
        "@aws-cdk/aws-s3-assets": "1.156.1",
        "@aws-cdk/aws-signer": "1.156.1",
        "@aws-cdk/aws-sns": "1.156.1",
        "@aws-cdk/aws-sqs": "1.156.1",
        "@aws-cdk/core": "1.156.1",
        "@aws-cdk/cx-api": "1.156.1",
        "@aws-cdk/region-info": "1.156.1",
        "constructs": "^3.3.69"
      }
    },
    "node_modules/@aws-cdk/aws-logs": {
      "version": "1.156.1",
      "resolved": "https://registry.npmjs.org/@aws-cdk/aws-logs/-/aws-logs-1.156.1.tgz",
      "integrity": "sha512-lTInOCAxAM/pr5WRogqLiNjGQzNxvTYqTlD397G+2uzm1QESJDhndPCd2kCRcMYz0BzAGAB7pkxnGJYe4ioatQ==",
      "dependencies": {
        "@aws-cdk/aws-cloudwatch": "1.156.1",
        "@aws-cdk/aws-iam": "1.156.1",
        "@aws-cdk/aws-kms": "1.156.1",
        "@aws-cdk/aws-s3-assets": "1.156.1",
        "@aws-cdk/core": "1.156.1",
        "@aws-cdk/cx-api": "1.156.1",
        "constructs": "^3.3.69"
      },
      "engines": {
        "node": ">= 10.13.0 <13 || >=13.7.0"
      },
      "peerDependencies": {
        "@aws-cdk/aws-cloudwatch": "1.156.1",
        "@aws-cdk/aws-iam": "1.156.1",
        "@aws-cdk/aws-kms": "1.156.1",
        "@aws-cdk/aws-s3-assets": "1.156.1",
        "@aws-cdk/core": "1.156.1",
        "@aws-cdk/cx-api": "1.156.1",
        "constructs": "^3.3.69"
      }
    },
    "node_modules/@aws-cdk/aws-s3": {
      "version": "1.156.1",
      "resolved": "https://registry.npmjs.org/@aws-cdk/aws-s3/-/aws-s3-1.156.1.tgz",
      "integrity": "sha512-bnY1CfW9QURnYfEmOLOFhCaeN3lCkC083RFEYy3xPYyjCEu0ncoyrytIJmZM2HV/MRJZamx0FCa9w+kp3yb3EA==",
      "dependencies": {
        "@aws-cdk/aws-events": "1.156.1",
        "@aws-cdk/aws-iam": "1.156.1",
        "@aws-cdk/aws-kms": "1.156.1",
        "@aws-cdk/core": "1.156.1",
        "@aws-cdk/cx-api": "1.156.1",
        "constructs": "^3.3.69"
      },
      "engines": {
        "node": ">= 10.13.0 <13 || >=13.7.0"
      },
      "peerDependencies": {
        "@aws-cdk/aws-events": "1.156.1",
        "@aws-cdk/aws-iam": "1.156.1",
        "@aws-cdk/aws-kms": "1.156.1",
        "@aws-cdk/core": "1.156.1",
        "@aws-cdk/cx-api": "1.156.1",
        "constructs": "^3.3.69"
      }
    },
    "node_modules/@aws-cdk/aws-s3-assets": {
      "version": "1.156.1",
      "resolved": "https://registry.npmjs.org/@aws-cdk/aws-s3-assets/-/aws-s3-assets-1.156.1.tgz",
      "integrity": "sha512-7FwP5L6SBroEiJNUe+GHszK4nxZnUQePkzCitKYxnBf3N6IJV3rPfgp/T+LHo3ENb04LkMtP3Fn8xKHG+i3O8A==",
      "dependencies": {
        "@aws-cdk/assets": "1.156.1",
        "@aws-cdk/aws-iam": "1.156.1",
        "@aws-cdk/aws-kms": "1.156.1",
        "@aws-cdk/aws-s3": "1.156.1",
        "@aws-cdk/core": "1.156.1",
        "@aws-cdk/cx-api": "1.156.1",
        "constructs": "^3.3.69"
      },
      "engines": {
        "node": ">= 10.13.0 <13 || >=13.7.0"
      },
      "peerDependencies": {
        "@aws-cdk/assets": "1.156.1",
        "@aws-cdk/aws-iam": "1.156.1",
        "@aws-cdk/aws-kms": "1.156.1",
        "@aws-cdk/aws-s3": "1.156.1",
        "@aws-cdk/core": "1.156.1",
        "@aws-cdk/cx-api": "1.156.1",
        "constructs": "^3.3.69"
      }
    },
    "node_modules/@aws-cdk/aws-signer": {
      "version": "1.156.1",
      "resolved": "https://registry.npmjs.org/@aws-cdk/aws-signer/-/aws-signer-1.156.1.tgz",
      "integrity": "sha512-AZjiE23qHDoHcZO3S/ODouuTUmLsvMwUC8tFer7DeazGDgQoAi1pZQTfNjSSLLc8nbqJU0imlPLPdC6uWjBT+Q==",
      "dependencies": {
        "@aws-cdk/core": "1.156.1",
        "constructs": "^3.3.69"
      },
      "engines": {
        "node": ">= 10.13.0 <13 || >=13.7.0"
      },
      "peerDependencies": {
        "@aws-cdk/core": "1.156.1",
        "constructs": "^3.3.69"
      }
    },
    "node_modules/@aws-cdk/aws-sns": {
      "version": "1.156.1",
      "resolved": "https://registry.npmjs.org/@aws-cdk/aws-sns/-/aws-sns-1.156.1.tgz",
      "integrity": "sha512-4GIgwljv8TNB5DtupNl/Qk592QtCktQnHL16scWO6lhME2zxKuW4mewNP81LEElKCAbLffKMWboz7XgVLXaXfQ==",
      "dependencies": {
        "@aws-cdk/aws-cloudwatch": "1.156.1",
        "@aws-cdk/aws-codestarnotifications": "1.156.1",
        "@aws-cdk/aws-events": "1.156.1",
        "@aws-cdk/aws-iam": "1.156.1",
        "@aws-cdk/aws-kms": "1.156.1",
        "@aws-cdk/aws-sqs": "1.156.1",
        "@aws-cdk/core": "1.156.1",
        "constructs": "^3.3.69"
      },
      "engines": {
        "node": ">= 10.13.0 <13 || >=13.7.0"
      },
      "peerDependencies": {
        "@aws-cdk/aws-cloudwatch": "1.156.1",
        "@aws-cdk/aws-codestarnotifications": "1.156.1",
        "@aws-cdk/aws-events": "1.156.1",
        "@aws-cdk/aws-iam": "1.156.1",
        "@aws-cdk/aws-kms": "1.156.1",
        "@aws-cdk/aws-sqs": "1.156.1",
        "@aws-cdk/core": "1.156.1",
        "constructs": "^3.3.69"
      }
    },
    "node_modules/@aws-cdk/aws-sqs": {
      "version": "1.156.1",
      "resolved": "https://registry.npmjs.org/@aws-cdk/aws-sqs/-/aws-sqs-1.156.1.tgz",
      "integrity": "sha512-aQYPUTXTquyA9VO8Jzpc+9SPCQyaeoqK0QkGXf/W8lc9o9Mq+/R6OsytD6h7T9SGoNNw+7fJiux/igWLTJxyaA==",
      "dependencies": {
        "@aws-cdk/aws-cloudwatch": "1.156.1",
        "@aws-cdk/aws-iam": "1.156.1",
        "@aws-cdk/aws-kms": "1.156.1",
        "@aws-cdk/core": "1.156.1",
        "constructs": "^3.3.69"
      },
      "engines": {
        "node": ">= 10.13.0 <13 || >=13.7.0"
      },
      "peerDependencies": {
        "@aws-cdk/aws-cloudwatch": "1.156.1",
        "@aws-cdk/aws-iam": "1.156.1",
        "@aws-cdk/aws-kms": "1.156.1",
        "@aws-cdk/core": "1.156.1",
        "constructs": "^3.3.69"
      }
    },
    "node_modules/@aws-cdk/aws-ssm": {
      "version": "1.156.1",
      "resolved": "https://registry.npmjs.org/@aws-cdk/aws-ssm/-/aws-ssm-1.156.1.tgz",
      "integrity": "sha512-ichWK31v5rTLq/7AZG7Asbu/0p1v9lxs6p1+leIv1IB2TmmGRGF+fQx+bVO/PMPKN0Q487lmzjlYNBG97pMoaA==",
      "dependencies": {
        "@aws-cdk/aws-iam": "1.156.1",
        "@aws-cdk/aws-kms": "1.156.1",
        "@aws-cdk/cloud-assembly-schema": "1.156.1",
        "@aws-cdk/core": "1.156.1",
        "constructs": "^3.3.69"
      },
      "engines": {
        "node": ">= 10.13.0 <13 || >=13.7.0"
      },
      "peerDependencies": {
        "@aws-cdk/aws-iam": "1.156.1",
        "@aws-cdk/aws-kms": "1.156.1",
        "@aws-cdk/cloud-assembly-schema": "1.156.1",
        "@aws-cdk/core": "1.156.1",
        "constructs": "^3.3.69"
      }
    },
    "node_modules/@aws-cdk/cloud-assembly-schema": {
      "version": "1.156.1",
      "resolved": "https://registry.npmjs.org/@aws-cdk/cloud-assembly-schema/-/cloud-assembly-schema-1.156.1.tgz",
      "integrity": "sha512-ahfBwr3D5opDTtnbd9+IZjQnTbPcloqPtyzMfIJe8awlNPa2x7y+0gqevH5SwObIn+i27NB0ZI6L5UjAlrIZng==",
      "bundleDependencies": [
        "jsonschema",
        "semver"
      ],
      "dependencies": {
        "jsonschema": "^1.4.0",
        "semver": "^7.3.7"
      },
      "engines": {
        "node": ">= 10.13.0 <13 || >=13.7.0"
      }
    },
    "node_modules/@aws-cdk/cloud-assembly-schema/node_modules/jsonschema": {
      "version": "1.4.0",
      "inBundle": true,
      "license": "MIT",
      "engines": {
        "node": "*"
      }
    },
    "node_modules/@aws-cdk/cloud-assembly-schema/node_modules/lru-cache": {
      "version": "6.0.0",
      "inBundle": true,
      "license": "ISC",
      "dependencies": {
        "yallist": "^4.0.0"
      },
      "engines": {
        "node": ">=10"
      }
    },
    "node_modules/@aws-cdk/cloud-assembly-schema/node_modules/semver": {
      "version": "7.3.7",
      "inBundle": true,
      "license": "ISC",
      "dependencies": {
        "lru-cache": "^6.0.0"
      },
      "bin": {
        "semver": "bin/semver.js"
      },
      "engines": {
        "node": ">=10"
      }
    },
    "node_modules/@aws-cdk/cloud-assembly-schema/node_modules/yallist": {
      "version": "4.0.0",
      "inBundle": true,
      "license": "ISC"
    },
    "node_modules/@aws-cdk/core": {
      "version": "1.156.1",
      "resolved": "https://registry.npmjs.org/@aws-cdk/core/-/core-1.156.1.tgz",
      "integrity": "sha512-TNTkbkAFqpoHdHOihqWcc4uicKnvwmggKMxCf95tknnjrVezwoCCr7vNNbOX6SUEUc/9KTuyszQdaBxLRM8+xw==",
      "bundleDependencies": [
        "fs-extra",
        "minimatch",
        "@balena/dockerignore",
        "ignore"
      ],
      "dependencies": {
        "@aws-cdk/cloud-assembly-schema": "1.156.1",
        "@aws-cdk/cx-api": "1.156.1",
        "@aws-cdk/region-info": "1.156.1",
        "@balena/dockerignore": "^1.0.2",
        "constructs": "^3.3.69",
        "fs-extra": "^9.1.0",
        "ignore": "^5.2.0",
        "minimatch": "^3.1.2"
      },
      "engines": {
        "node": ">= 10.13.0 <13 || >=13.7.0"
      },
      "peerDependencies": {
        "@aws-cdk/cloud-assembly-schema": "1.156.1",
        "@aws-cdk/cx-api": "1.156.1",
        "@aws-cdk/region-info": "1.156.1",
        "constructs": "^3.3.69"
      }
    },
    "node_modules/@aws-cdk/core/node_modules/@balena/dockerignore": {
      "version": "1.0.2",
      "inBundle": true,
      "license": "Apache-2.0"
    },
    "node_modules/@aws-cdk/core/node_modules/at-least-node": {
      "version": "1.0.0",
      "inBundle": true,
      "license": "ISC",
      "engines": {
        "node": ">= 4.0.0"
      }
    },
    "node_modules/@aws-cdk/core/node_modules/balanced-match": {
      "version": "1.0.2",
      "inBundle": true,
      "license": "MIT"
    },
    "node_modules/@aws-cdk/core/node_modules/brace-expansion": {
      "version": "1.1.11",
      "inBundle": true,
      "license": "MIT",
      "dependencies": {
        "balanced-match": "^1.0.0",
        "concat-map": "0.0.1"
      }
    },
    "node_modules/@aws-cdk/core/node_modules/concat-map": {
      "version": "0.0.1",
      "inBundle": true,
      "license": "MIT"
    },
    "node_modules/@aws-cdk/core/node_modules/fs-extra": {
      "version": "9.1.0",
      "inBundle": true,
      "license": "MIT",
      "dependencies": {
        "at-least-node": "^1.0.0",
        "graceful-fs": "^4.2.0",
        "jsonfile": "^6.0.1",
        "universalify": "^2.0.0"
      },
      "engines": {
        "node": ">=10"
      }
    },
    "node_modules/@aws-cdk/core/node_modules/graceful-fs": {
      "version": "4.2.10",
      "inBundle": true,
      "license": "ISC"
    },
    "node_modules/@aws-cdk/core/node_modules/ignore": {
      "version": "5.2.0",
      "inBundle": true,
      "license": "MIT",
      "engines": {
        "node": ">= 4"
      }
    },
    "node_modules/@aws-cdk/core/node_modules/jsonfile": {
      "version": "6.1.0",
      "inBundle": true,
      "license": "MIT",
      "dependencies": {
        "universalify": "^2.0.0"
      },
      "optionalDependencies": {
        "graceful-fs": "^4.1.6"
      }
    },
    "node_modules/@aws-cdk/core/node_modules/minimatch": {
      "version": "3.1.2",
      "inBundle": true,
      "license": "ISC",
      "dependencies": {
        "brace-expansion": "^1.1.7"
      },
      "engines": {
        "node": "*"
      }
    },
    "node_modules/@aws-cdk/core/node_modules/universalify": {
      "version": "2.0.0",
      "inBundle": true,
      "license": "MIT",
      "engines": {
        "node": ">= 10.0.0"
      }
    },
    "node_modules/@aws-cdk/cx-api": {
      "version": "1.156.1",
      "resolved": "https://registry.npmjs.org/@aws-cdk/cx-api/-/cx-api-1.156.1.tgz",
      "integrity": "sha512-xfz4QclTynPavSWiWUBpxqoMpCz01oFPlcnwtVWrMCSJuR9qLyXmpXmvBwGTPJ4FGY0xUNgluWe5/Bm8s4PcTQ==",
      "bundleDependencies": [
        "semver"
      ],
      "dependencies": {
        "@aws-cdk/cloud-assembly-schema": "1.156.1",
        "semver": "^7.3.7"
      },
      "engines": {
        "node": ">= 10.13.0 <13 || >=13.7.0"
      },
      "peerDependencies": {
        "@aws-cdk/cloud-assembly-schema": "1.156.1"
      }
    },
    "node_modules/@aws-cdk/cx-api/node_modules/lru-cache": {
      "version": "6.0.0",
      "inBundle": true,
      "license": "ISC",
      "dependencies": {
        "yallist": "^4.0.0"
      },
      "engines": {
        "node": ">=10"
      }
    },
    "node_modules/@aws-cdk/cx-api/node_modules/semver": {
      "version": "7.3.7",
      "inBundle": true,
      "license": "ISC",
      "dependencies": {
        "lru-cache": "^6.0.0"
      },
      "bin": {
        "semver": "bin/semver.js"
      },
      "engines": {
        "node": ">=10"
      }
    },
    "node_modules/@aws-cdk/cx-api/node_modules/yallist": {
      "version": "4.0.0",
      "inBundle": true,
      "license": "ISC"
    },
    "node_modules/@aws-cdk/region-info": {
      "version": "1.156.1",
      "resolved": "https://registry.npmjs.org/@aws-cdk/region-info/-/region-info-1.156.1.tgz",
      "integrity": "sha512-+LjfeJRFM7K9TzWzCIuWABDsf/KyCBNkCbwHmQXd+ORnrWffQU6u0CcQlq1E0ZHfIlHt+tFPIUx9XHa+FH4CUw==",
      "engines": {
        "node": ">= 10.13.0 <13 || >=13.7.0"
      }
    },
    "node_modules/@middy/core": {
      "version": "3.0.3",
      "resolved": "https://registry.npmjs.org/@middy/core/-/core-3.0.3.tgz",
      "integrity": "sha512-hykDL6iTjfiJpqFOtLzxn+TO9yI2SP4o9JnRU2ggYWYpH3XvNLXdB+5ClskBG56k2VlIbgCRx1jvycRwtRM2rg==",
      "engines": {
        "node": ">=14"
      }
    },
    "node_modules/@middy/error-logger": {
      "version": "3.0.3",
      "resolved": "https://registry.npmjs.org/@middy/error-logger/-/error-logger-3.0.3.tgz",
      "integrity": "sha512-v0CevYABc4Z9+XDowrdyJLi3MERQnjcoyBtVmzDC2EOonmewDzK1/WQ+USuhg9QDTgZrrIsncO8/pU3KdW6ETQ==",
      "engines": {
        "node": ">=14"
      }
    },
    "node_modules/@types/aws-lambda": {
      "version": "8.10.97",
      "resolved": "https://registry.npmjs.org/@types/aws-lambda/-/aws-lambda-8.10.97.tgz",
      "integrity": "sha512-BZk3qO4R2KN8Ts3eR6CW1n8LI46UOgv1KoDZjo8J9vOQvDeX/rsrv1H0BpEAMcSqZ1mLwTEyAMtlua5tlSn0kw==",
      "dev": true
    },
    "node_modules/@types/uuid": {
      "version": "8.3.4",
      "resolved": "https://registry.npmjs.org/@types/uuid/-/uuid-8.3.4.tgz",
      "integrity": "sha512-c/I8ZRb51j+pYGAu5CrFMRxqZ2ke4y2grEBO5AUjgSkSk+qT2Ea+OdWElz/OiMf5MNpn2b17kuVBwZLQJXzihw==",
      "dev": true
    },
    "node_modules/class-transformer": {
      "version": "0.5.1",
      "resolved": "https://registry.npmjs.org/class-transformer/-/class-transformer-0.5.1.tgz",
      "integrity": "sha512-SQa1Ws6hUbfC98vKGxZH3KFY0Y1lm5Zm0SY8XX9zbK7FJCyVEac3ATW0RIpwzW+oOfmHE5PMPufDG9hCfoEOMw=="
    },
    "node_modules/class-validator": {
      "version": "0.13.2",
      "resolved": "https://registry.npmjs.org/class-validator/-/class-validator-0.13.2.tgz",
      "integrity": "sha512-yBUcQy07FPlGzUjoLuUfIOXzgynnQPPruyK1Ge2B74k9ROwnle1E+NxLWnUv5OLU8hA/qL5leAE9XnXq3byaBw==",
      "dependencies": {
        "libphonenumber-js": "^1.9.43",
        "validator": "^13.7.0"
      }
    },
    "node_modules/constructs": {
      "version": "3.4.11",
      "resolved": "https://registry.npmjs.org/constructs/-/constructs-3.4.11.tgz",
      "integrity": "sha512-zUaNNXsGij6mYsckSUvvWtrrdgFKwjFsTV6ixPyi2q1cVMSGoWNBB061eq900l4hjIb4HIwkB+3J/LIKjQl1vQ==",
      "engines": {
        "node": ">= 14.17.0"
      }
    },
    "node_modules/libphonenumber-js": {
      "version": "1.10.4",
      "resolved": "https://registry.npmjs.org/libphonenumber-js/-/libphonenumber-js-1.10.4.tgz",
      "integrity": "sha512-9QWxEk4GW5RDnFzt8UtyRENfFpAN8u7Sbf9wf32tcXY9tdtnz1dKHIBwW2Wnfx8ypXJb9zUnTpK9aQJ/B8AlnA=="
    },
    "node_modules/reflect-metadata": {
      "version": "0.1.13",
      "resolved": "https://registry.npmjs.org/reflect-metadata/-/reflect-metadata-0.1.13.tgz",
      "integrity": "sha512-Ts1Y/anZELhSsjMcU605fU9RE4Oi3p5ORujwbIKXfWa+0Zxs510Qrmrce5/Jowq3cHSZSJqBjypxmHarc+vEWg=="
    },
    "node_modules/uuid": {
      "version": "8.3.2",
      "resolved": "https://registry.npmjs.org/uuid/-/uuid-8.3.2.tgz",
      "integrity": "sha512-+NYs2QeMWy+GWFOEm9xnn6HCDp0l7QBD7ml8zLUmJ+93Q5NF0NocErnwkTkXVFNiX3/fpC6afS8Dhb/gz7R7eg==",
      "bin": {
        "uuid": "dist/bin/uuid"
      }
    },
    "node_modules/validator": {
      "version": "13.7.0",
      "resolved": "https://registry.npmjs.org/validator/-/validator-13.7.0.tgz",
      "integrity": "sha512-nYXQLCBkpJ8X6ltALua9dRrZDHVYxjJ1wgskNt1lH9fzGjs3tgojGSCBjmEPwkWS1y29+DrizMTW19Pr9uB2nw==",
      "engines": {
        "node": ">= 0.10"
      }
    }
  },
  "dependencies": {
    "@aws-cdk/assets": {
      "version": "1.156.1",
      "resolved": "https://registry.npmjs.org/@aws-cdk/assets/-/assets-1.156.1.tgz",
      "integrity": "sha512-n/p+wm04acdrXJoX+/NkQR4GwMN1731Jsw1i80xrzpf1HTd7IyinAfxluN61ONxoYaNYDXXgjENNHqlPYRPz+Q==",
      "requires": {
        "@aws-cdk/core": "1.156.1",
        "@aws-cdk/cx-api": "1.156.1",
        "constructs": "^3.3.69"
      }
    },
    "@aws-cdk/aws-applicationautoscaling": {
      "version": "1.156.1",
      "resolved": "https://registry.npmjs.org/@aws-cdk/aws-applicationautoscaling/-/aws-applicationautoscaling-1.156.1.tgz",
      "integrity": "sha512-G6ZH6D8G8/HQ2oKOIpCrq9QSJm+RnXtlxGsebrZizfpZy+5dD2pkUcLFa8YzKVQ/F320vDos4oPvxBbD5s5M+Q==",
      "requires": {
        "@aws-cdk/aws-autoscaling-common": "1.156.1",
        "@aws-cdk/aws-cloudwatch": "1.156.1",
        "@aws-cdk/aws-iam": "1.156.1",
        "@aws-cdk/core": "1.156.1",
        "constructs": "^3.3.69"
      }
    },
    "@aws-cdk/aws-autoscaling-common": {
      "version": "1.156.1",
      "resolved": "https://registry.npmjs.org/@aws-cdk/aws-autoscaling-common/-/aws-autoscaling-common-1.156.1.tgz",
      "integrity": "sha512-KrgJhSxhcOOlNrF7UDwytiW4RUTIj0F6INsSJrBWANakV28yox6HF2nFnV/1Ubk/FHWuMFyLH3JmOB9mScHKcQ==",
      "requires": {
        "@aws-cdk/aws-iam": "1.156.1",
        "@aws-cdk/core": "1.156.1",
        "constructs": "^3.3.69"
      }
    },
    "@aws-cdk/aws-cloudwatch": {
      "version": "1.156.1",
      "resolved": "https://registry.npmjs.org/@aws-cdk/aws-cloudwatch/-/aws-cloudwatch-1.156.1.tgz",
      "integrity": "sha512-mc+kg13AMQS26SVz3ony8enhp9KIKeXolDbh1Gkv8nd0gWRkWk+9xbiWAYT0rJEKb3ZAUTVGZwOM7DVC8YUUcw==",
      "requires": {
        "@aws-cdk/aws-iam": "1.156.1",
        "@aws-cdk/core": "1.156.1",
        "constructs": "^3.3.69"
      }
    },
    "@aws-cdk/aws-codeguruprofiler": {
      "version": "1.156.1",
      "resolved": "https://registry.npmjs.org/@aws-cdk/aws-codeguruprofiler/-/aws-codeguruprofiler-1.156.1.tgz",
      "integrity": "sha512-3qHaa1EHJr1BASs/Cc/iJnshPN0xb4BnWatSOqK0chHA2F1/6aOnxmnz7sGXZGdrHTmQIBYsGOp36kitzfwDdw==",
      "requires": {
        "@aws-cdk/aws-iam": "1.156.1",
        "@aws-cdk/core": "1.156.1",
        "constructs": "^3.3.69"
      }
    },
    "@aws-cdk/aws-codestarnotifications": {
      "version": "1.156.1",
      "resolved": "https://registry.npmjs.org/@aws-cdk/aws-codestarnotifications/-/aws-codestarnotifications-1.156.1.tgz",
      "integrity": "sha512-YEMFpQhVrC45qD0aCy8Uf6kPYxF5grEn8PE9+kj/4HCiDeAAJ7tZwsVP5QYUDsPVttax7xi15aFtnx41/POo7w==",
      "requires": {
        "@aws-cdk/core": "1.156.1",
        "constructs": "^3.3.69"
      }
    },
    "@aws-cdk/aws-ec2": {
      "version": "1.156.1",
      "resolved": "https://registry.npmjs.org/@aws-cdk/aws-ec2/-/aws-ec2-1.156.1.tgz",
      "integrity": "sha512-Jsczd4Tj2kbfbENnKMTaLjIaC9ypCm/eq6IM2FAzavzR8whEcTKJ7XWrZpH8Ek9nyVlhM9qFhKWqqsEfGRvraQ==",
      "requires": {
        "@aws-cdk/aws-cloudwatch": "1.156.1",
        "@aws-cdk/aws-iam": "1.156.1",
        "@aws-cdk/aws-kms": "1.156.1",
        "@aws-cdk/aws-logs": "1.156.1",
        "@aws-cdk/aws-s3": "1.156.1",
        "@aws-cdk/aws-s3-assets": "1.156.1",
        "@aws-cdk/aws-ssm": "1.156.1",
        "@aws-cdk/cloud-assembly-schema": "1.156.1",
        "@aws-cdk/core": "1.156.1",
        "@aws-cdk/cx-api": "1.156.1",
        "@aws-cdk/region-info": "1.156.1",
        "constructs": "^3.3.69"
      }
    },
    "@aws-cdk/aws-ecr": {
      "version": "1.156.1",
      "resolved": "https://registry.npmjs.org/@aws-cdk/aws-ecr/-/aws-ecr-1.156.1.tgz",
      "integrity": "sha512-b8hbhLLDTgWYIZvVglN9uX1zTc3SPmQpRG4TwLqv6KWy9HtxfBzhEfuQaMBicwEf4CEjzkGMmvopBUNb4Kh74w==",
      "requires": {
        "@aws-cdk/aws-events": "1.156.1",
        "@aws-cdk/aws-iam": "1.156.1",
        "@aws-cdk/aws-kms": "1.156.1",
        "@aws-cdk/core": "1.156.1",
        "constructs": "^3.3.69"
      }
    },
    "@aws-cdk/aws-ecr-assets": {
      "version": "1.156.1",
      "resolved": "https://registry.npmjs.org/@aws-cdk/aws-ecr-assets/-/aws-ecr-assets-1.156.1.tgz",
      "integrity": "sha512-y4Aq9xYFZLgDHWP9PIuPxbQjJMg8Das0vaIyOyXf+S3Pgc2BkprZJDz67iNlhwGTfUdZZlQymxnGjzOgGBds1g==",
      "requires": {
        "@aws-cdk/assets": "1.156.1",
        "@aws-cdk/aws-ecr": "1.156.1",
        "@aws-cdk/aws-iam": "1.156.1",
        "@aws-cdk/aws-s3": "1.156.1",
        "@aws-cdk/core": "1.156.1",
        "@aws-cdk/cx-api": "1.156.1",
        "constructs": "^3.3.69"
      }
    },
    "@aws-cdk/aws-efs": {
      "version": "1.156.1",
      "resolved": "https://registry.npmjs.org/@aws-cdk/aws-efs/-/aws-efs-1.156.1.tgz",
      "integrity": "sha512-R9O2e4ZcqIODdrEt73sGcHtEorizH3j8E9XwU0fC/iBWSeL0myUc/kT9DvzZV8pw/TZLY8RPBehpWxtqXXY6yA==",
      "requires": {
        "@aws-cdk/aws-ec2": "1.156.1",
        "@aws-cdk/aws-iam": "1.156.1",
        "@aws-cdk/aws-kms": "1.156.1",
        "@aws-cdk/cloud-assembly-schema": "1.156.1",
        "@aws-cdk/core": "1.156.1",
        "@aws-cdk/cx-api": "1.156.1",
        "constructs": "^3.3.69"
      }
    },
    "@aws-cdk/aws-events": {
      "version": "1.156.1",
      "resolved": "https://registry.npmjs.org/@aws-cdk/aws-events/-/aws-events-1.156.1.tgz",
      "integrity": "sha512-PJoyx0WzBaIZPQ0XyhqYyw4jPd2RFJTWJMQH+ZXG0btM75vtbfYUPFMriZVlyTzz3tCZHcX5ABKdvMqjquKB1g==",
      "requires": {
        "@aws-cdk/aws-iam": "1.156.1",
        "@aws-cdk/core": "1.156.1",
        "constructs": "^3.3.69"
      }
    },
    "@aws-cdk/aws-iam": {
      "version": "1.156.1",
      "resolved": "https://registry.npmjs.org/@aws-cdk/aws-iam/-/aws-iam-1.156.1.tgz",
      "integrity": "sha512-vxGGnIklGjLA+Z5KNVTHY5awQvLTRpTVEvftFA6K3X5xdiE4Xrbp44LAe+2iUAZ3kftcCwz7Hd3Z4qQ6B5ILUw==",
      "requires": {
        "@aws-cdk/core": "1.156.1",
        "@aws-cdk/cx-api": "1.156.1",
        "@aws-cdk/region-info": "1.156.1",
        "constructs": "^3.3.69"
      }
    },
    "@aws-cdk/aws-kms": {
      "version": "1.156.1",
      "resolved": "https://registry.npmjs.org/@aws-cdk/aws-kms/-/aws-kms-1.156.1.tgz",
      "integrity": "sha512-/0LNbGQtiie/1s0eE7TEY3zzVfYs1nMS5aEgNalR//q3m8Gne0iBmYnpOmah88m2er4ki0L8aIil8vUvmWrHyQ==",
      "requires": {
        "@aws-cdk/aws-iam": "1.156.1",
        "@aws-cdk/cloud-assembly-schema": "1.156.1",
        "@aws-cdk/core": "1.156.1",
        "@aws-cdk/cx-api": "1.156.1",
        "constructs": "^3.3.69"
      }
    },
    "@aws-cdk/aws-lambda": {
      "version": "1.156.1",
      "resolved": "https://registry.npmjs.org/@aws-cdk/aws-lambda/-/aws-lambda-1.156.1.tgz",
      "integrity": "sha512-PhncX1+JMY7Y6hjATwxrYxlDM6TKnvpsDW3/PKoZlTnmPatm2WqBl2e0aG3ifrdOrHxX0CwUCw0YCiaoU6bxdQ==",
      "requires": {
        "@aws-cdk/aws-applicationautoscaling": "1.156.1",
        "@aws-cdk/aws-cloudwatch": "1.156.1",
        "@aws-cdk/aws-codeguruprofiler": "1.156.1",
        "@aws-cdk/aws-ec2": "1.156.1",
        "@aws-cdk/aws-ecr": "1.156.1",
        "@aws-cdk/aws-ecr-assets": "1.156.1",
        "@aws-cdk/aws-efs": "1.156.1",
        "@aws-cdk/aws-events": "1.156.1",
        "@aws-cdk/aws-iam": "1.156.1",
        "@aws-cdk/aws-kms": "1.156.1",
        "@aws-cdk/aws-logs": "1.156.1",
        "@aws-cdk/aws-s3": "1.156.1",
        "@aws-cdk/aws-s3-assets": "1.156.1",
        "@aws-cdk/aws-signer": "1.156.1",
        "@aws-cdk/aws-sns": "1.156.1",
        "@aws-cdk/aws-sqs": "1.156.1",
        "@aws-cdk/core": "1.156.1",
        "@aws-cdk/cx-api": "1.156.1",
        "@aws-cdk/region-info": "1.156.1",
        "constructs": "^3.3.69"
      }
    },
    "@aws-cdk/aws-logs": {
      "version": "1.156.1",
      "resolved": "https://registry.npmjs.org/@aws-cdk/aws-logs/-/aws-logs-1.156.1.tgz",
      "integrity": "sha512-lTInOCAxAM/pr5WRogqLiNjGQzNxvTYqTlD397G+2uzm1QESJDhndPCd2kCRcMYz0BzAGAB7pkxnGJYe4ioatQ==",
      "requires": {
        "@aws-cdk/aws-cloudwatch": "1.156.1",
        "@aws-cdk/aws-iam": "1.156.1",
        "@aws-cdk/aws-kms": "1.156.1",
        "@aws-cdk/aws-s3-assets": "1.156.1",
        "@aws-cdk/core": "1.156.1",
        "@aws-cdk/cx-api": "1.156.1",
        "constructs": "^3.3.69"
      }
    },
    "@aws-cdk/aws-s3": {
      "version": "1.156.1",
      "resolved": "https://registry.npmjs.org/@aws-cdk/aws-s3/-/aws-s3-1.156.1.tgz",
      "integrity": "sha512-bnY1CfW9QURnYfEmOLOFhCaeN3lCkC083RFEYy3xPYyjCEu0ncoyrytIJmZM2HV/MRJZamx0FCa9w+kp3yb3EA==",
      "requires": {
        "@aws-cdk/aws-events": "1.156.1",
        "@aws-cdk/aws-iam": "1.156.1",
        "@aws-cdk/aws-kms": "1.156.1",
        "@aws-cdk/core": "1.156.1",
        "@aws-cdk/cx-api": "1.156.1",
        "constructs": "^3.3.69"
      }
    },
    "@aws-cdk/aws-s3-assets": {
      "version": "1.156.1",
      "resolved": "https://registry.npmjs.org/@aws-cdk/aws-s3-assets/-/aws-s3-assets-1.156.1.tgz",
      "integrity": "sha512-7FwP5L6SBroEiJNUe+GHszK4nxZnUQePkzCitKYxnBf3N6IJV3rPfgp/T+LHo3ENb04LkMtP3Fn8xKHG+i3O8A==",
      "requires": {
        "@aws-cdk/assets": "1.156.1",
        "@aws-cdk/aws-iam": "1.156.1",
        "@aws-cdk/aws-kms": "1.156.1",
        "@aws-cdk/aws-s3": "1.156.1",
        "@aws-cdk/core": "1.156.1",
        "@aws-cdk/cx-api": "1.156.1",
        "constructs": "^3.3.69"
      }
    },
    "@aws-cdk/aws-signer": {
      "version": "1.156.1",
      "resolved": "https://registry.npmjs.org/@aws-cdk/aws-signer/-/aws-signer-1.156.1.tgz",
      "integrity": "sha512-AZjiE23qHDoHcZO3S/ODouuTUmLsvMwUC8tFer7DeazGDgQoAi1pZQTfNjSSLLc8nbqJU0imlPLPdC6uWjBT+Q==",
      "requires": {
        "@aws-cdk/core": "1.156.1",
        "constructs": "^3.3.69"
      }
    },
    "@aws-cdk/aws-sns": {
      "version": "1.156.1",
      "resolved": "https://registry.npmjs.org/@aws-cdk/aws-sns/-/aws-sns-1.156.1.tgz",
      "integrity": "sha512-4GIgwljv8TNB5DtupNl/Qk592QtCktQnHL16scWO6lhME2zxKuW4mewNP81LEElKCAbLffKMWboz7XgVLXaXfQ==",
      "requires": {
        "@aws-cdk/aws-cloudwatch": "1.156.1",
        "@aws-cdk/aws-codestarnotifications": "1.156.1",
        "@aws-cdk/aws-events": "1.156.1",
        "@aws-cdk/aws-iam": "1.156.1",
        "@aws-cdk/aws-kms": "1.156.1",
        "@aws-cdk/aws-sqs": "1.156.1",
        "@aws-cdk/core": "1.156.1",
        "constructs": "^3.3.69"
      }
    },
    "@aws-cdk/aws-sqs": {
      "version": "1.156.1",
      "resolved": "https://registry.npmjs.org/@aws-cdk/aws-sqs/-/aws-sqs-1.156.1.tgz",
      "integrity": "sha512-aQYPUTXTquyA9VO8Jzpc+9SPCQyaeoqK0QkGXf/W8lc9o9Mq+/R6OsytD6h7T9SGoNNw+7fJiux/igWLTJxyaA==",
      "requires": {
        "@aws-cdk/aws-cloudwatch": "1.156.1",
        "@aws-cdk/aws-iam": "1.156.1",
        "@aws-cdk/aws-kms": "1.156.1",
        "@aws-cdk/core": "1.156.1",
        "constructs": "^3.3.69"
      }
    },
    "@aws-cdk/aws-ssm": {
      "version": "1.156.1",
      "resolved": "https://registry.npmjs.org/@aws-cdk/aws-ssm/-/aws-ssm-1.156.1.tgz",
      "integrity": "sha512-ichWK31v5rTLq/7AZG7Asbu/0p1v9lxs6p1+leIv1IB2TmmGRGF+fQx+bVO/PMPKN0Q487lmzjlYNBG97pMoaA==",
      "requires": {
        "@aws-cdk/aws-iam": "1.156.1",
        "@aws-cdk/aws-kms": "1.156.1",
        "@aws-cdk/cloud-assembly-schema": "1.156.1",
        "@aws-cdk/core": "1.156.1",
        "constructs": "^3.3.69"
      }
    },
    "@aws-cdk/cloud-assembly-schema": {
      "version": "1.156.1",
      "resolved": "https://registry.npmjs.org/@aws-cdk/cloud-assembly-schema/-/cloud-assembly-schema-1.156.1.tgz",
      "integrity": "sha512-ahfBwr3D5opDTtnbd9+IZjQnTbPcloqPtyzMfIJe8awlNPa2x7y+0gqevH5SwObIn+i27NB0ZI6L5UjAlrIZng==",
      "requires": {
        "jsonschema": "^1.4.0",
        "semver": "^7.3.7"
      },
      "dependencies": {
        "jsonschema": {
          "version": "1.4.0",
          "bundled": true
        },
        "lru-cache": {
          "version": "6.0.0",
          "bundled": true,
          "requires": {
            "yallist": "^4.0.0"
          }
        },
        "semver": {
          "version": "7.3.7",
          "bundled": true,
          "requires": {
            "lru-cache": "^6.0.0"
          }
        },
        "yallist": {
          "version": "4.0.0",
          "bundled": true
        }
      }
    },
    "@aws-cdk/core": {
      "version": "1.156.1",
      "resolved": "https://registry.npmjs.org/@aws-cdk/core/-/core-1.156.1.tgz",
      "integrity": "sha512-TNTkbkAFqpoHdHOihqWcc4uicKnvwmggKMxCf95tknnjrVezwoCCr7vNNbOX6SUEUc/9KTuyszQdaBxLRM8+xw==",
      "requires": {
        "@aws-cdk/cloud-assembly-schema": "1.156.1",
        "@aws-cdk/cx-api": "1.156.1",
        "@aws-cdk/region-info": "1.156.1",
        "@balena/dockerignore": "^1.0.2",
        "constructs": "^3.3.69",
        "fs-extra": "^9.1.0",
        "ignore": "^5.2.0",
        "minimatch": "^3.1.2"
      },
      "dependencies": {
        "@balena/dockerignore": {
          "version": "1.0.2",
          "bundled": true
        },
        "at-least-node": {
          "version": "1.0.0",
          "bundled": true
        },
        "balanced-match": {
          "version": "1.0.2",
          "bundled": true
        },
        "brace-expansion": {
          "version": "1.1.11",
          "bundled": true,
          "requires": {
            "balanced-match": "^1.0.0",
            "concat-map": "0.0.1"
          }
        },
        "concat-map": {
          "version": "0.0.1",
          "bundled": true
        },
        "fs-extra": {
          "version": "9.1.0",
          "bundled": true,
          "requires": {
            "at-least-node": "^1.0.0",
            "graceful-fs": "^4.2.0",
            "jsonfile": "^6.0.1",
            "universalify": "^2.0.0"
          }
        },
        "graceful-fs": {
          "version": "4.2.10",
          "bundled": true
        },
        "ignore": {
          "version": "5.2.0",
          "bundled": true
        },
        "jsonfile": {
          "version": "6.1.0",
          "bundled": true,
          "requires": {
            "graceful-fs": "^4.1.6",
            "universalify": "^2.0.0"
          }
        },
        "minimatch": {
          "version": "3.1.2",
          "bundled": true,
          "requires": {
            "brace-expansion": "^1.1.7"
          }
        },
        "universalify": {
          "version": "2.0.0",
          "bundled": true
        }
      }
    },
    "@aws-cdk/cx-api": {
      "version": "1.156.1",
      "resolved": "https://registry.npmjs.org/@aws-cdk/cx-api/-/cx-api-1.156.1.tgz",
      "integrity": "sha512-xfz4QclTynPavSWiWUBpxqoMpCz01oFPlcnwtVWrMCSJuR9qLyXmpXmvBwGTPJ4FGY0xUNgluWe5/Bm8s4PcTQ==",
      "requires": {
        "@aws-cdk/cloud-assembly-schema": "1.156.1",
        "semver": "^7.3.7"
      },
      "dependencies": {
        "lru-cache": {
          "version": "6.0.0",
          "bundled": true,
          "requires": {
            "yallist": "^4.0.0"
          }
        },
        "semver": {
          "version": "7.3.7",
          "bundled": true,
          "requires": {
            "lru-cache": "^6.0.0"
          }
        },
        "yallist": {
          "version": "4.0.0",
          "bundled": true
        }
      }
    },
    "@aws-cdk/region-info": {
      "version": "1.156.1",
      "resolved": "https://registry.npmjs.org/@aws-cdk/region-info/-/region-info-1.156.1.tgz",
      "integrity": "sha512-+LjfeJRFM7K9TzWzCIuWABDsf/KyCBNkCbwHmQXd+ORnrWffQU6u0CcQlq1E0ZHfIlHt+tFPIUx9XHa+FH4CUw=="
    },
    "@middy/core": {
      "version": "3.0.3",
      "resolved": "https://registry.npmjs.org/@middy/core/-/core-3.0.3.tgz",
      "integrity": "sha512-hykDL6iTjfiJpqFOtLzxn+TO9yI2SP4o9JnRU2ggYWYpH3XvNLXdB+5ClskBG56k2VlIbgCRx1jvycRwtRM2rg=="
    },
    "@middy/error-logger": {
      "version": "3.0.3",
      "resolved": "https://registry.npmjs.org/@middy/error-logger/-/error-logger-3.0.3.tgz",
      "integrity": "sha512-v0CevYABc4Z9+XDowrdyJLi3MERQnjcoyBtVmzDC2EOonmewDzK1/WQ+USuhg9QDTgZrrIsncO8/pU3KdW6ETQ=="
    },
    "@types/aws-lambda": {
      "version": "8.10.97",
      "resolved": "https://registry.npmjs.org/@types/aws-lambda/-/aws-lambda-8.10.97.tgz",
      "integrity": "sha512-BZk3qO4R2KN8Ts3eR6CW1n8LI46UOgv1KoDZjo8J9vOQvDeX/rsrv1H0BpEAMcSqZ1mLwTEyAMtlua5tlSn0kw==",
      "dev": true
    },
    "@types/uuid": {
      "version": "8.3.4",
      "resolved": "https://registry.npmjs.org/@types/uuid/-/uuid-8.3.4.tgz",
      "integrity": "sha512-c/I8ZRb51j+pYGAu5CrFMRxqZ2ke4y2grEBO5AUjgSkSk+qT2Ea+OdWElz/OiMf5MNpn2b17kuVBwZLQJXzihw==",
      "dev": true
    },
    "class-transformer": {
      "version": "0.5.1",
      "resolved": "https://registry.npmjs.org/class-transformer/-/class-transformer-0.5.1.tgz",
      "integrity": "sha512-SQa1Ws6hUbfC98vKGxZH3KFY0Y1lm5Zm0SY8XX9zbK7FJCyVEac3ATW0RIpwzW+oOfmHE5PMPufDG9hCfoEOMw=="
    },
    "class-validator": {
      "version": "0.13.2",
      "resolved": "https://registry.npmjs.org/class-validator/-/class-validator-0.13.2.tgz",
      "integrity": "sha512-yBUcQy07FPlGzUjoLuUfIOXzgynnQPPruyK1Ge2B74k9ROwnle1E+NxLWnUv5OLU8hA/qL5leAE9XnXq3byaBw==",
      "requires": {
        "libphonenumber-js": "^1.9.43",
        "validator": "^13.7.0"
      }
    },
    "constructs": {
      "version": "3.4.11",
      "resolved": "https://registry.npmjs.org/constructs/-/constructs-3.4.11.tgz",
      "integrity": "sha512-zUaNNXsGij6mYsckSUvvWtrrdgFKwjFsTV6ixPyi2q1cVMSGoWNBB061eq900l4hjIb4HIwkB+3J/LIKjQl1vQ=="
    },
    "libphonenumber-js": {
      "version": "1.10.4",
      "resolved": "https://registry.npmjs.org/libphonenumber-js/-/libphonenumber-js-1.10.4.tgz",
      "integrity": "sha512-9QWxEk4GW5RDnFzt8UtyRENfFpAN8u7Sbf9wf32tcXY9tdtnz1dKHIBwW2Wnfx8ypXJb9zUnTpK9aQJ/B8AlnA=="
    },
    "reflect-metadata": {
      "version": "0.1.13",
      "resolved": "https://registry.npmjs.org/reflect-metadata/-/reflect-metadata-0.1.13.tgz",
      "integrity": "sha512-Ts1Y/anZELhSsjMcU605fU9RE4Oi3p5ORujwbIKXfWa+0Zxs510Qrmrce5/Jowq3cHSZSJqBjypxmHarc+vEWg=="
    },
    "uuid": {
      "version": "8.3.2",
      "resolved": "https://registry.npmjs.org/uuid/-/uuid-8.3.2.tgz",
      "integrity": "sha512-+NYs2QeMWy+GWFOEm9xnn6HCDp0l7QBD7ml8zLUmJ+93Q5NF0NocErnwkTkXVFNiX3/fpC6afS8Dhb/gz7R7eg=="
    },
    "validator": {
      "version": "13.7.0",
      "resolved": "https://registry.npmjs.org/validator/-/validator-13.7.0.tgz",
      "integrity": "sha512-nYXQLCBkpJ8X6ltALua9dRrZDHVYxjJ1wgskNt1lH9fzGjs3tgojGSCBjmEPwkWS1y29+DrizMTW19Pr9uB2nw=="
    }
  }
}
